
Microsoft Visual Studio Solution File, Format Version 12.00
# Visual Studio Version 16
VisualStudioVersion = 16.0.31702.278
MinimumVisualStudioVersion = 10.0.40219.1
Project("{FAE04EC0-301F-11D3-BF4B-00C04F79EFBC}") = "WebApplication9", "WebApplication9.csproj", "{25C52529-B1C0-46DA-8CAD-B496291CADD5}"
EndProject
Global
	GlobalSection(SolutionConfigurationPlatforms) = preSolution
		Debug|Any CPU = Debug|Any CPU
		Release|Any CPU = Release|Any CPU
	EndGlobalSection
	GlobalSection(ProjectConfigurationPlatforms) = postSolution
		{25C52529-B1C0-46DA-8CAD-B496291CADD5}.Debug|Any CPU.ActiveCfg = Debug|Any CPU
		{25C52529-B1C0-46DA-8CAD-B496291CADD5}.Debug|Any CPU.Build.0 = Debug|Any CPU
		{25C52529-B1C0-46DA-8CAD-B496291CADD5}.Release|Any CPU.ActiveCfg = Release|Any CPU
		{25C52529-B1C0-46DA-8CAD-B496291CADD5}.Release|Any CPU.Build.0 = Release|Any CPU
	EndGlobalSection
	GlobalSection(SolutionProperties) = preSolution
		HideSolutionNode = FALSE
	EndGlobalSection
	GlobalSection(ExtensibilityGlobals) = postSolution
		SolutionGuid = {B9B585D3-AF94-489D-8F92-9431311C04FD}
	EndGlobalSection
EndGlobal
